{"mod":{"guid":"com.test.cub","name":"test","version":"1.0.0","author":"","description":"Test Project","rootNamespace":"MyMod"},"items":[],"recipes":[],"assets":[],"eventHandlers":"//PATCH:Start\nbody.talker.Talk(_test);\n//ENDPATCH\n\n//PATCH:Awake\n_test = \u0022Hello CuBlocky!\u0022;\n//ENDPATCH\n","eventHandlersXml":"\u003Cxml xmlns=\u0022https://developers.google.com/blockly/xml\u0022\u003E\u003Cblock type=\u0022cu_when_enter_world\u0022 id=\u0022H6\u0060)lNg3/%,x\u002B]DFQ(2l\u0022 x=\u0022540\u0022 y=\u0022220\u0022\u003E\u003Cnext\u003E\u003Cblock type=\u0022cu_talk\u0022 id=\u00226o2/o3Zw^y*_Y:Y!]s3K\u0022\u003E\u003Cvalue name=\u0022TEXT\u0022\u003E\u003Cshadow type=\u0022cu_text\u0022 id=\u0022{OTXM)?U1#U$K,G-[{a(\u0022\u003E\u003Cfield name=\u0022TEXT\u0022\u003E\u4F60\u597D!\u003C/field\u003E\u003C/shadow\u003E\u003Cblock type=\u0022cu_var_get\u0022 id=\u0022Y|aHT}*4sVhf8ajv#Yx3\u0022\u003E\u003Cfield name=\u0022NAME\u0022\u003Etest\u003C/field\u003E\u003C/block\u003E\u003C/value\u003E\u003C/block\u003E\u003C/next\u003E\u003C/block\u003E\u003Cblock type=\u0022cu_when_awake\u0022 id=\u0022Cxxjj5zl#Y=6IYD}\u002BBj$\u0022 x=\u0022740\u0022 y=\u0022220\u0022\u003E\u003Cnext\u003E\u003Cblock type=\u0022cu_var_set\u0022 id=\u00224}Oq:Ol-H6?cEI5_1_/(\u0022\u003E\u003Cfield name=\u0022NAME\u0022\u003Etest\u003C/field\u003E\u003Cvalue name=\u0022VALUE\u0022\u003E\u003Cshadow type=\u0022cu_number\u0022 id=\u0022]NOy7wu@Wp?#%c(T\u0060r2N\u0022\u003E\u003Cfield name=\u0022NUM\u0022\u003E0\u003C/field\u003E\u003C/shadow\u003E\u003Cblock type=\u0022cu_text\u0022 id=\u0022tU~Fy~~YQQwQO|zz9!-d\u0022\u003E\u003Cfield name=\u0022TEXT\u0022\u003EHello CuBlocky!\u003C/field\u003E\u003C/block\u003E\u003C/value\u003E\u003C/block\u003E\u003C/next\u003E\u003C/block\u003E\u003C/xml\u003E","functions":[],"uiControls":[],"projectName":null}