{"mod":{"guid":"com.cixin.sb","name":"CIXIN","version":"1.0.0","author":"","description":"","rootNamespace":"MyMod"},"items":[],"recipes":[],"assets":[],"eventHandlers":"\u0022bandage\u0022\n//REGISTER_RECIPE:{\u0022ResultId\u0022:\u0022bandage\u0022,\u0022Category\u0022:\u0022Tools\u0022,\u0022IntRequirement\u0022:4,\u0022ResultAmount\u0022:1,\u0022ResultCondition\u0022:1,\u0022IsLiquidResult\u0022:false,\u0022Ingredients\u0022:[{\u0022Mode\u0022:\u0022specific\u0022,\u0022Id\u0022:\u0022lightbulb\u0022,\u0022Amount\u0022:1,\u0022IsLiquid\u0022:false,\u0022DestroyItem\u0022:true,\u0022MinimumCondition\u0022:0.9},{\u0022Mode\u0022:\u0022specific\u0022,\u0022Id\u0022:\u0022bandage\u0022,\u0022Amount\u0022:1,\u0022IsLiquid\u0022:false,\u0022DestroyItem\u0022:true,\u0022MinimumCondition\u0022:0.9},{\u0022Mode\u0022:\u0022specific\u0022,\u0022Id\u0022:\u0022bandage\u0022,\u0022Amount\u0022:1,\u0022IsLiquid\u0022:false,\u0022DestroyItem\u0022:true,\u0022MinimumCondition\u0022:0.9}]}\n\n//REGISTER_ITEM:{\u0022Id\u0022:\u00223sunjpg\u0022,\u0022FullName\u0022:\u00223sun.jpg\u0022,\u0022Description\u0022:\u00223sun.jpg\u0022,\u0022SpriteAssetId\u0022:\u00223sun.jpg\u0022}\n\n//REGISTER_ITEM:{\u0022Id\u0022:\u0022CIXINjpg\u0022,\u0022FullName\u0022:\u0022CIXIN.jpg\u0022,\u0022Description\u0022:\u0022CIXIN.jpg\u0022,\u0022SpriteAssetId\u0022:\u0022CIXIN.jpg\u0022}\n\n//REGISTER_ITEM:{\u0022Id\u0022:\u0022LIUCIXINjpg\u0022,\u0022FullName\u0022:\u0022LIUCIXIN.jpg\u0022,\u0022Description\u0022:\u0022LIUCIXIN.jpg\u0022,\u0022SpriteAssetId\u0022:\u0022LIUCIXIN.jpg\u0022}\n\n//REGISTER_ITEM:{\u0022Id\u0022:\u0022i18npng\u0022,\u0022FullName\u0022:\u0022i18n.png\u0022,\u0022Description\u0022:\u0022i18n.png\u0022,\u0022SpriteAssetId\u0022:\u0022i18n.png\u0022}\n","eventHandlersXml":"\u003Cxml xmlns=\u0022https://developers.google.com/blockly/xml\u0022\u003E\u003Cblock type=\u0022cu_item_vanilla\u0022 id=\u0022}cQXPQZAFu{-qj,zq*Av\u0022 x=\u0022-260\u0022 y=\u002260\u0022\u003E\u003Cfield name=\u0022ID\u0022\u003Ebandage\u003C/field\u003E\u003C/block\u003E\u003Cblock type=\u0022cu_register_recipe\u0022 id=\u0022HInrf90V15z/Z]J{NAh*\u0022 x=\u0022-180\u0022 y=\u0022140\u0022\u003E\u003Cvalue name=\u0022INPUTS\u0022\u003E\u003Cshadow type=\u0022lists_create_with\u0022 id=\u0022/Jq2@AIa?irdDp/~SFEd\u0022\u003E\u003Cmutation items=\u00223\u0022\u003E\u003C/mutation\u003E\u003C/shadow\u003E\u003Cblock type=\u0022lists_create_with\u0022 id=\u0022f89\u0060*!^x2b15Giye#A2q\u0022\u003E\u003Cmutation items=\u00223\u0022\u003E\u003C/mutation\u003E\u003Cvalue name=\u0022ADD0\u0022\u003E\u003Cblock type=\u0022cu_item_vanilla\u0022 id=\u0022u_D^SGXs8ou^^#wl]-1P\u0022\u003E\u003Cfield name=\u0022ID\u0022\u003Elightbulb\u003C/field\u003E\u003C/block\u003E\u003C/value\u003E\u003Cvalue name=\u0022ADD1\u0022\u003E\u003Cblock type=\u0022cu_item_vanilla\u0022 id=\u0022LF1G5PyO/)Z.G6i^QgD7\u0022\u003E\u003Cfield name=\u0022ID\u0022\u003Ebandage\u003C/field\u003E\u003C/block\u003E\u003C/value\u003E\u003Cvalue name=\u0022ADD2\u0022\u003E\u003Cblock type=\u0022cu_item_vanilla\u0022 id=\u00225hMcOM(O$rdM\u002BW\u002BBvQU3\u0022\u003E\u003Cfield name=\u0022ID\u0022\u003Ebandage\u003C/field\u003E\u003C/block\u003E\u003C/value\u003E\u003C/block\u003E\u003C/value\u003E\u003Cvalue name=\u0022OUTPUT\u0022\u003E\u003Cshadow type=\u0022cu_item_vanilla\u0022 id=\u0022{IH.GJjT6W~ftR@yFl0g\u0022\u003E\u003Cfield name=\u0022ID\u0022\u003Ebandage\u003C/field\u003E\u003C/shadow\u003E\u003C/value\u003E\u003Cvalue name=\u0022AMOUNT\u0022\u003E\u003Cshadow type=\u0022cu_number\u0022 id=\u0022C%W4tN^{x!x]QP;n;{[6\u0022\u003E\u003Cfield name=\u0022NUM\u0022\u003E1\u003C/field\u003E\u003C/shadow\u003E\u003C/value\u003E\u003Cvalue name=\u0022RESULT_CONDITION\u0022\u003E\u003Cshadow type=\u0022cu_number\u0022 id=\u0022_=Tz)BI:|6K}5M2*tn7W\u0022\u003E\u003Cfield name=\u0022NUM\u0022\u003E-1\u003C/field\u003E\u003C/shadow\u003E\u003C/value\u003E\u003Cvalue name=\u0022IS_REPAIR\u0022\u003E\u003Cshadow type=\u0022cu_false\u0022 id=\u0022E{LPJaQE3,-GuXf@x,!n\u0022\u003E\u003C/shadow\u003E\u003C/value\u003E\u003Cvalue name=\u0022INT\u0022\u003E\u003Cblock type=\u0022cu_number\u0022 id=\u0022dY8?Hbi0!=!Z351(fs8:\u0022\u003E\u003Cfield name=\u0022NUM\u0022\u003E4\u003C/field\u003E\u003C/block\u003E\u003C/value\u003E\u003C/block\u003E\u003Cblock type=\u0022cu_register_item\u0022 id=\u0022flm2*7WR;p,1v$dSeAM0\u0022 x=\u0022500\u0022 y=\u0022300\u0022\u003E\u003Cfield name=\u0022FULL_NAME\u0022\u003E3sun.jpg\u003C/field\u003E\u003Cfield name=\u0022DESC\u0022\u003E3sun.jpg\u003C/field\u003E\u003Cvalue name=\u0022ID\u0022\u003E\u003Cshadow type=\u0022cu_item_custom\u0022 id=\u0022n)#K9;VF\u002BBP25Y55G\u002B0N\u0022\u003E\u003Cfield name=\u0022ID\u0022\u003E3sunjpg\u003C/field\u003E\u003C/shadow\u003E\u003C/value\u003E\u003Cvalue name=\u0022SPRITE_REF\u0022\u003E\u003Cblock type=\u0022cu_sprite_ref\u0022 id=\u0022|Hh|6XYUyt)t]1[yhtd:\u0022\u003E\u003Cfield name=\u0022ASSET\u0022\u003E3sun.jpg\u003C/field\u003E\u003C/block\u003E\u003C/value\u003E\u003C/block\u003E\u003Cblock type=\u0022cu_register_item\u0022 id=\u0022Tv1fqMRc5N(*Q1ZZQX)}\u0022 x=\u0022500\u0022 y=\u0022380\u0022\u003E\u003Cfield name=\u0022FULL_NAME\u0022\u003ECIXIN.jpg\u003C/field\u003E\u003Cfield name=\u0022DESC\u0022\u003ECIXIN.jpg\u003C/field\u003E\u003Cvalue name=\u0022ID\u0022\u003E\u003Cshadow type=\u0022cu_item_custom\u0022 id=\u0022mSR|=_rW~QTNK{*(N)mB\u0022\u003E\u003Cfield name=\u0022ID\u0022\u003ECIXINjpg\u003C/field\u003E\u003C/shadow\u003E\u003C/value\u003E\u003Cvalue name=\u0022SPRITE_REF\u0022\u003E\u003Cblock type=\u0022cu_sprite_ref\u0022 id=\u0022nKI^,v-Vw19zqV=y%S-a\u0022\u003E\u003Cfield name=\u0022ASSET\u0022\u003ECIXIN.jpg\u003C/field\u003E\u003C/block\u003E\u003C/value\u003E\u003C/block\u003E\u003Cblock type=\u0022cu_register_item\u0022 id=\u00226-5{]p(AT|e^I9WbCs!T\u0022 x=\u0022500\u0022 y=\u0022460\u0022\u003E\u003Cfield name=\u0022FULL_NAME\u0022\u003ELIUCIXIN.jpg\u003C/field\u003E\u003Cfield name=\u0022DESC\u0022\u003ELIUCIXIN.jpg\u003C/field\u003E\u003Cvalue name=\u0022ID\u0022\u003E\u003Cshadow type=\u0022cu_item_custom\u0022 id=\u0022Ev?21*e}%]PIU:)q38^5\u0022\u003E\u003Cfield name=\u0022ID\u0022\u003ELIUCIXINjpg\u003C/field\u003E\u003C/shadow\u003E\u003C/value\u003E\u003Cvalue name=\u0022SPRITE_REF\u0022\u003E\u003Cblock type=\u0022cu_sprite_ref\u0022 id=\u0022*?AAeDH_!}GoCm3Dzbay\u0022\u003E\u003Cfield name=\u0022ASSET\u0022\u003ELIUCIXIN.jpg\u003C/field\u003E\u003C/block\u003E\u003C/value\u003E\u003C/block\u003E\u003Cblock type=\u0022cu_register_item\u0022 id=\u0022qo3ED]O1Ex3K@\u0060n4QS)?\u0022 x=\u0022500\u0022 y=\u0022540\u0022\u003E\u003Cfield name=\u0022FULL_NAME\u0022\u003Ei18n.png\u003C/field\u003E\u003Cfield name=\u0022DESC\u0022\u003Ei18n.png\u003C/field\u003E\u003Cvalue name=\u0022ID\u0022\u003E\u003Cshadow type=\u0022cu_item_custom\u0022 id=\u0022}foNE2D(x\u0060mDKi\u002BO:S4R\u0022\u003E\u003Cfield name=\u0022ID\u0022\u003Ei18npng\u003C/field\u003E\u003C/shadow\u003E\u003C/value\u003E\u003Cvalue name=\u0022SPRITE_REF\u0022\u003E\u003Cblock type=\u0022cu_sprite_ref\u0022 id=\u0022!edtB*Ir7/T~{cns_d@E\u0022\u003E\u003Cfield name=\u0022ASSET\u0022\u003Ei18n.png\u003C/field\u003E\u003C/block\u003E\u003C/value\u003E\u003C/block\u003E\u003C/xml\u003E","functions":[],"uiControls":[],"projectName":null}