{"mod":{"guid":"a.s.d","name":"a","version":"1.0.0","author":"","description":"","rootNamespace":"MyMod"},"items":[],"recipes":[],"assets":[],"eventHandlers":"//EVENT:OnButtonPressed:myButton\nConsoleScript.instance.ExecuteCommand(\u0022heal\u0022);\n//ENDPATCH\n","eventHandlersXml":"\u003Cxml xmlns=\u0022https://developers.google.com/blockly/xml\u0022\u003E\u003Cblock type=\u0022cu_when_button_pressed\u0022 id=\u0022~m^6cO*GgU{{hM(h9NSf\u0022 x=\u0022500\u0022 y=\u0022180\u0022\u003E\u003Cfield name=\u0022CONTROL_ID\u0022\u003EmyButton\u003C/field\u003E\u003Cnext\u003E\u003Cblock type=\u0022cu_run_command\u0022 id=\u0022.(e3(o_i3?E(0m8rCPVK\u0022\u003E\u003Cvalue name=\u0022COMMAND\u0022\u003E\u003Cshadow type=\u0022cu_text\u0022 id=\u0022x2OeBkmm8s#VyWxqfg!X\u0022\u003E\u003Cfield name=\u0022TEXT\u0022\u003Eheal\u003C/field\u003E\u003C/shadow\u003E\u003C/value\u003E\u003C/block\u003E\u003C/next\u003E\u003C/block\u003E\u003C/xml\u003E","functions":[],"uiControls":[{"id":"myButton","type":"button","x":0.084924646,"y":0.185,"width":0.063,"height":0.03,"text":"HEAL","fontSize":14,"textColor":"#ffffff","backgroundColor":"#000000","strokeColor":"#ffffff","strokeWidth":1,"cornerRadius":15,"opacity":1,"visible":true,"sprite":"","value":0,"min":0,"max":1,"fillColor":"#4caf50","options":"","alignH":"center","alignV":"center"},{"id":"label1","type":"label","x":0.17,"y":0.009453529,"width":0.06,"height":0.024,"text":"Label1","fontSize":14,"textColor":"#FFFFFF","backgroundColor":"#00000000","strokeColor":"#555577","strokeWidth":0,"cornerRadius":4,"opacity":1,"visible":true,"sprite":"","value":0,"min":0,"max":1,"fillColor":"#4caf50","options":"","alignH":"left","alignV":"center"},{"id":"dropdown1","type":"dropdown","x":0.1885,"y":0.187,"width":0.083,"height":0.026,"text":"Option1","fontSize":14,"textColor":"#FFFFFF","backgroundColor":"#2a2a3e","strokeColor":"#555577","strokeWidth":1,"cornerRadius":4,"opacity":1,"visible":true,"sprite":"","value":0,"min":0,"max":1,"fillColor":"#4caf50","options":"Option1|Option2|Option3","alignH":"left","alignV":"center"},{"id":"box1","type":"box","x":0.38355264,"y":0.20023392,"width":0.15,"height":0.12,"text":"","fontSize":14,"textColor":"#FFFFFF","backgroundColor":"#2a2a3e","strokeColor":"#555577","strokeWidth":1,"cornerRadius":8,"opacity":1,"visible":true,"sprite":"","value":0,"min":0,"max":1,"fillColor":"#4caf50","options":"","alignH":"center","alignV":"center"},{"id":"slider1","type":"slider","x":0.2115,"y":0.25842106,"width":0.12,"height":0.02,"text":"","fontSize":14,"textColor":"#FFFFFF","backgroundColor":"#1a1a2e","strokeColor":"#555577","strokeWidth":1,"cornerRadius":6,"opacity":1,"visible":true,"sprite":"","value":0.5,"min":0,"max":1,"fillColor":"#4caf50","options":"","alignH":"center","alignV":"center"},{"id":"progressbar1","type":"progressbar","x":0.2115,"y":0.34847954,"width":0.12,"height":0.02,"text":"","fontSize":14,"textColor":"#FFFFFF","backgroundColor":"#2a2a3e","strokeColor":"#555577","strokeWidth":1,"cornerRadius":6,"opacity":1,"visible":true,"sprite":"","value":0.7,"min":0,"max":1,"fillColor":"#4caf50","options":"","alignH":"center","alignV":"center"},{"id":"label2","type":"label","x":0.33578947,"y":0.13712281,"width":0.06,"height":0.024,"text":"Label2","fontSize":14,"textColor":"#FFFFFF","backgroundColor":"#00000000","strokeColor":"#555577","strokeWidth":0,"cornerRadius":4,"opacity":1,"visible":true,"sprite":"","value":0,"min":0,"max":1,"fillColor":"#4caf50","options":"","alignH":"left","alignV":"center"},{"id":"toggle1","type":"toggle","x":0.42205262,"y":0.42367253,"width":0.073,"height":0.024,"text":"Toggle1","fontSize":14,"textColor":"#FFFFFF","backgroundColor":"#2a2a3e","strokeColor":"#555577","strokeWidth":1,"cornerRadius":4,"opacity":1,"visible":true,"sprite":"","value":0,"min":0,"max":1,"fillColor":"#4caf50","options":"","alignH":"center","alignV":"center"},{"id":"slider2","type":"slider","x":0.6189474,"y":0.44974843,"width":0.12,"height":0.02,"text":"","fontSize":14,"textColor":"#FFFFFF","backgroundColor":"#000000","strokeColor":"#000000","strokeWidth":0,"cornerRadius":6,"opacity":1,"visible":true,"sprite":"","value":0.5,"min":0,"max":1,"fillColor":"#000000","options":"","alignH":"center","alignV":"center"},{"id":"progressbar2","type":"progressbar","x":0.2715,"y":0.58615655,"width":0.12,"height":0.02,"text":"","fontSize":14,"textColor":"#FFFFFF","backgroundColor":"#000000","strokeColor":"#000000","strokeWidth":0,"cornerRadius":6,"opacity":1,"visible":true,"sprite":"","value":0.7,"min":0,"max":1,"fillColor":"#000000","options":"","alignH":"center","alignV":"center"},{"id":"progressbar3","type":"progressbar","x":0.5802516,"y":0.6566667,"width":0.12,"height":0.02,"text":"","fontSize":14,"textColor":"#FFFFFF","backgroundColor":"#000000","strokeColor":"#000000","strokeWidth":0,"cornerRadius":6,"opacity":1,"visible":true,"sprite":"","value":0.7,"min":0,"max":1,"fillColor":"#000000","options":"","alignH":"center","alignV":"center"},{"id":"slider3","type":"slider","x":0.087924644,"y":0.45974842,"width":0.12,"height":0.02,"text":"","fontSize":14,"textColor":"#000000","backgroundColor":"#CCCCCC","strokeColor":"#000000","strokeWidth":0,"cornerRadius":6,"opacity":1,"visible":true,"sprite":"","value":0.5,"min":0,"max":1,"fillColor":"#4caf50","options":"","alignH":"center","alignV":"center"},{"id":"slider4","type":"slider","x":0.045921054,"y":0.29935673,"width":0.12,"height":0.02,"text":"","fontSize":14,"textColor":"#000000","backgroundColor":"#CCCCCC","strokeColor":"#000000","strokeWidth":0,"cornerRadius":6,"opacity":1,"visible":true,"sprite":"","value":0.5,"min":0,"max":1,"fillColor":"#4caf50","options":"","alignH":"center","alignV":"center"},{"id":"progressbar4","type":"progressbar","x":0.078157894,"y":0.54263157,"width":0.12,"height":0.02,"text":"","fontSize":14,"textColor":"#000000","backgroundColor":"#CCCCCC","strokeColor":"#000000","strokeWidth":0,"cornerRadius":6,"opacity":1,"visible":true,"sprite":"","value":0.7,"min":0,"max":1,"fillColor":"#4caf50","options":"","alignH":"center","alignV":"center"},{"id":"dropdown2","type":"dropdown","x":0.096657895,"y":0.5931566,"width":0.083,"height":0.026,"text":"Option1","fontSize":14,"textColor":"#000000","backgroundColor":"#CCCCCC","strokeColor":"#000000","strokeWidth":1,"cornerRadius":4,"opacity":1,"visible":true,"sprite":"","value":0,"min":0,"max":1,"fillColor":"#4caf50","options":"Option1|Option2|Option3","alignH":"left","alignV":"center"},{"id":"box2","type":"box","x":0.1965,"y":0.5966667,"width":0.15,"height":0.12,"text":"","fontSize":14,"textColor":"#FFFFFF","backgroundColor":"#000000","strokeColor":"#000000","strokeWidth":1,"cornerRadius":8,"opacity":1,"visible":true,"sprite":"","value":0,"min":0,"max":1,"fillColor":"#4caf50","options":"","alignH":"center","alignV":"center"},{"id":"progressbar5","type":"progressbar","x":0.2538158,"y":0.26842105,"width":0.12,"height":0.02,"text":"","fontSize":14,"textColor":"#000000","backgroundColor":"#CCCCCC","strokeColor":"#000000","strokeWidth":0,"cornerRadius":6,"opacity":1,"visible":true,"sprite":"","value":0.7,"min":0,"max":1,"fillColor":"#4caf50","options":"","alignH":"center","alignV":"center"},{"id":"box3","type":"box","x":0.67828953,"y":0.14,"width":0.15,"height":0.12,"text":"","fontSize":14,"textColor":"#000000","backgroundColor":"#CCCCCC","strokeColor":"#000000","strokeWidth":1,"cornerRadius":8,"opacity":1,"visible":true,"sprite":"","value":0,"min":0,"max":1,"fillColor":"#4caf50","options":"","alignH":"center","alignV":"center"},{"id":"box4","type":"box","x":0.78092104,"y":0.48263156,"width":0.15,"height":0.12,"text":"","fontSize":14,"textColor":"#000000","backgroundColor":"#EEEEEE","strokeColor":"#000000","strokeWidth":1,"cornerRadius":8,"opacity":1,"visible":true,"sprite":"","value":0,"min":0,"max":1,"fillColor":"#4caf50","options":"","alignH":"center","alignV":"center"},{"id":"box5","type":"box","x":0.48421052,"y":0.52615654,"width":0.15,"height":0.12,"text":"","fontSize":14,"textColor":"#000000","backgroundColor":"#DDDDDD","strokeColor":"#999999","strokeWidth":1,"cornerRadius":8,"opacity":1,"visible":true,"sprite":"","value":0,"min":0,"max":1,"fillColor":"#4caf50","options":"","alignH":"center","alignV":"center"},{"id":"dropdown3","type":"dropdown","x":0.396,"y":0.6636667,"width":0.083,"height":0.026,"text":"Option1","fontSize":14,"textColor":"#000000","backgroundColor":"#DDDDDD","strokeColor":"#999999","strokeWidth":1,"cornerRadius":4,"opacity":1,"visible":true,"sprite":"","value":0,"min":0,"max":1,"fillColor":"#4caf50","options":"Option1|Option2|Option3","alignH":"left","alignV":"center"}],"projectName":null}